
Microsoft Visual Studio Solution File, Format Version 12.00
# Visual Studio 2012
Project("{FAE04EC0-301F-11D3-BF4B-00C04F79EFBC}") = "VMwarevSphere_Utils", "VMwarevSphere_Utils\VMwarevSphere_Utils.csproj", "{48A04046-D0D7-4DA8-A887-55C085AAAE54}"
EndProject
Project("{FAE04EC0-301F-11D3-BF4B-00C04F79EFBC}") = "AppUtil", "AppUtil\AppUtil.csproj", "{819ADE36-46B4-4DCB-98EE-8E0368EDBB40}"
EndProject
Project("{FAE04EC0-301F-11D3-BF4B-00C04F79EFBC}") = "VMware.Security.CredentialStore", "VMware.Security.CredentialStore\VMware.Security.CredentialStore.csproj", "{C8393222-44A8-48A8-A7C1-94B7C44A19E6}"
EndProject
Project("{FAE04EC0-301F-11D3-BF4B-00C04F79EFBC}") = "TestConsoleApp", "TestConsoleApp\TestConsoleApp.csproj", "{915A8701-D05F-4528-BB75-D083487F4564}"
EndProject
Project("{FAE04EC0-301F-11D3-BF4B-00C04F79EFBC}") = "VMHostController.DAL.Model", "VMHostController.DAL.Model\VMHostController.DAL.Model.csproj", "{F09A9A44-5741-4AF9-A4DC-7A720537A4A8}"
EndProject
Project("{FAE04EC0-301F-11D3-BF4B-00C04F79EFBC}") = "VMHostController.DAL", "VMHostController.DAL\VMHostController.DAL.csproj", "{ACE6D24B-ECAC-47AB-BE76-C9899E604C47}"
EndProject
Project("{FAE04EC0-301F-11D3-BF4B-00C04F79EFBC}") = "VMHostController.BIZ", "VMHostController.BIZ\VMHostController.BIZ.csproj", "{3F8002C2-636A-454E-94A5-68DD6911A085}"
EndProject
Project("{FAE04EC0-301F-11D3-BF4B-00C04F79EFBC}") = "VMWareController.Service", "VMWareController.Service\VMWareController.Service.csproj", "{FE135C7E-A56B-449A-B6F3-EA59344F0C78}"
EndProject
Project("{FAE04EC0-301F-11D3-BF4B-00C04F79EFBC}") = "VMHostController.Service.Hosting", "VMHostController.Service.Hosting\VMHostController.Service.Hosting.csproj", "{EA47860E-B914-46FA-AA40-611B1FDBBDF9}"
EndProject
Project("{FAE04EC0-301F-11D3-BF4B-00C04F79EFBC}") = "UnitTestProject1", "UnitTestProject1\UnitTestProject1.csproj", "{9032B0EF-93B8-410E-9C41-86284044CE3C}"
EndProject
Project("{2150E333-8FDC-42A3-9474-1A3956D46DE8}") = "UnitTest", "UnitTest", "{66727305-3FA5-4358-A33B-A5DD8F42552A}"
EndProject
Project("{FAE04EC0-301F-11D3-BF4B-00C04F79EFBC}") = "VMHostController.Service.Hosting.Console", "VMHostController.Service.Hosting.Console\VMHostController.Service.Hosting.Console.csproj", "{AF095F08-8F1D-4879-9946-DE0614979343}"
EndProject
Project("{2150E333-8FDC-42A3-9474-1A3956D46DE8}") = "DAL", "DAL", "{1D5D4416-7362-4B0B-A60F-DB24D93A1CD5}"
EndProject
Project("{2150E333-8FDC-42A3-9474-1A3956D46DE8}") = "BIZ", "BIZ", "{07654C34-83F8-4CB3-BF5A-ECB39A0E854B}"
EndProject
Project("{2150E333-8FDC-42A3-9474-1A3956D46DE8}") = "Service", "Service", "{7104DC73-EC92-4923-9789-5E92F413AF3C}"
EndProject
Project("{2150E333-8FDC-42A3-9474-1A3956D46DE8}") = "VMUtil", "VMUtil", "{A3E7A385-A150-4639-91BB-FD5514B146E1}"
EndProject
Project("{2150E333-8FDC-42A3-9474-1A3956D46DE8}") = "Client", "Client", "{5F24ABDF-80BE-4A16-AC7B-873E092B1717}"
EndProject
Project("{FAE04EC0-301F-11D3-BF4B-00C04F79EFBC}") = "ClientSample", "ClientSample\ClientSample.csproj", "{1F296F09-4F5F-4C2A-AB69-0D68386C7177}"
EndProject
Global
	GlobalSection(SolutionConfigurationPlatforms) = preSolution
		Debug|Any CPU = Debug|Any CPU
		Release|Any CPU = Release|Any CPU
	EndGlobalSection
	GlobalSection(ProjectConfigurationPlatforms) = postSolution
		{48A04046-D0D7-4DA8-A887-55C085AAAE54}.Debug|Any CPU.ActiveCfg = Debug|Any CPU
		{48A04046-D0D7-4DA8-A887-55C085AAAE54}.Debug|Any CPU.Build.0 = Debug|Any CPU
		{48A04046-D0D7-4DA8-A887-55C085AAAE54}.Release|Any CPU.ActiveCfg = Release|Any CPU
		{48A04046-D0D7-4DA8-A887-55C085AAAE54}.Release|Any CPU.Build.0 = Release|Any CPU
		{819ADE36-46B4-4DCB-98EE-8E0368EDBB40}.Debug|Any CPU.ActiveCfg = Debug|Any CPU
		{819ADE36-46B4-4DCB-98EE-8E0368EDBB40}.Debug|Any CPU.Build.0 = Debug|Any CPU
		{819ADE36-46B4-4DCB-98EE-8E0368EDBB40}.Release|Any CPU.ActiveCfg = Release|Any CPU
		{819ADE36-46B4-4DCB-98EE-8E0368EDBB40}.Release|Any CPU.Build.0 = Release|Any CPU
		{C8393222-44A8-48A8-A7C1-94B7C44A19E6}.Debug|Any CPU.ActiveCfg = Debug|Any CPU
		{C8393222-44A8-48A8-A7C1-94B7C44A19E6}.Debug|Any CPU.Build.0 = Debug|Any CPU
		{C8393222-44A8-48A8-A7C1-94B7C44A19E6}.Release|Any CPU.ActiveCfg = Release|Any CPU
		{C8393222-44A8-48A8-A7C1-94B7C44A19E6}.Release|Any CPU.Build.0 = Release|Any CPU
		{915A8701-D05F-4528-BB75-D083487F4564}.Debug|Any CPU.ActiveCfg = Debug|Any CPU
		{915A8701-D05F-4528-BB75-D083487F4564}.Debug|Any CPU.Build.0 = Debug|Any CPU
		{915A8701-D05F-4528-BB75-D083487F4564}.Release|Any CPU.ActiveCfg = Release|Any CPU
		{915A8701-D05F-4528-BB75-D083487F4564}.Release|Any CPU.Build.0 = Release|Any CPU
		{F09A9A44-5741-4AF9-A4DC-7A720537A4A8}.Debug|Any CPU.ActiveCfg = Debug|Any CPU
		{F09A9A44-5741-4AF9-A4DC-7A720537A4A8}.Debug|Any CPU.Build.0 = Debug|Any CPU
		{F09A9A44-5741-4AF9-A4DC-7A720537A4A8}.Release|Any CPU.ActiveCfg = Release|Any CPU
		{F09A9A44-5741-4AF9-A4DC-7A720537A4A8}.Release|Any CPU.Build.0 = Release|Any CPU
		{ACE6D24B-ECAC-47AB-BE76-C9899E604C47}.Debug|Any CPU.ActiveCfg = Debug|Any CPU
		{ACE6D24B-ECAC-47AB-BE76-C9899E604C47}.Debug|Any CPU.Build.0 = Debug|Any CPU
		{ACE6D24B-ECAC-47AB-BE76-C9899E604C47}.Release|Any CPU.ActiveCfg = Release|Any CPU
		{ACE6D24B-ECAC-47AB-BE76-C9899E604C47}.Release|Any CPU.Build.0 = Release|Any CPU
		{3F8002C2-636A-454E-94A5-68DD6911A085}.Debug|Any CPU.ActiveCfg = Debug|Any CPU
		{3F8002C2-636A-454E-94A5-68DD6911A085}.Debug|Any CPU.Build.0 = Debug|Any CPU
		{3F8002C2-636A-454E-94A5-68DD6911A085}.Release|Any CPU.ActiveCfg = Release|Any CPU
		{3F8002C2-636A-454E-94A5-68DD6911A085}.Release|Any CPU.Build.0 = Release|Any CPU
		{FE135C7E-A56B-449A-B6F3-EA59344F0C78}.Debug|Any CPU.ActiveCfg = Debug|Any CPU
		{FE135C7E-A56B-449A-B6F3-EA59344F0C78}.Debug|Any CPU.Build.0 = Debug|Any CPU
		{FE135C7E-A56B-449A-B6F3-EA59344F0C78}.Release|Any CPU.ActiveCfg = Release|Any CPU
		{FE135C7E-A56B-449A-B6F3-EA59344F0C78}.Release|Any CPU.Build.0 = Release|Any CPU
		{EA47860E-B914-46FA-AA40-611B1FDBBDF9}.Debug|Any CPU.ActiveCfg = Debug|Any CPU
		{EA47860E-B914-46FA-AA40-611B1FDBBDF9}.Debug|Any CPU.Build.0 = Debug|Any CPU
		{EA47860E-B914-46FA-AA40-611B1FDBBDF9}.Release|Any CPU.ActiveCfg = Release|Any CPU
		{EA47860E-B914-46FA-AA40-611B1FDBBDF9}.Release|Any CPU.Build.0 = Release|Any CPU
		{9032B0EF-93B8-410E-9C41-86284044CE3C}.Debug|Any CPU.ActiveCfg = Debug|Any CPU
		{9032B0EF-93B8-410E-9C41-86284044CE3C}.Debug|Any CPU.Build.0 = Debug|Any CPU
		{9032B0EF-93B8-410E-9C41-86284044CE3C}.Release|Any CPU.ActiveCfg = Release|Any CPU
		{9032B0EF-93B8-410E-9C41-86284044CE3C}.Release|Any CPU.Build.0 = Release|Any CPU
		{AF095F08-8F1D-4879-9946-DE0614979343}.Debug|Any CPU.ActiveCfg = Debug|Any CPU
		{AF095F08-8F1D-4879-9946-DE0614979343}.Debug|Any CPU.Build.0 = Debug|Any CPU
		{AF095F08-8F1D-4879-9946-DE0614979343}.Release|Any CPU.ActiveCfg = Release|Any CPU
		{AF095F08-8F1D-4879-9946-DE0614979343}.Release|Any CPU.Build.0 = Release|Any CPU
		{1F296F09-4F5F-4C2A-AB69-0D68386C7177}.Debug|Any CPU.ActiveCfg = Debug|Any CPU
		{1F296F09-4F5F-4C2A-AB69-0D68386C7177}.Debug|Any CPU.Build.0 = Debug|Any CPU
		{1F296F09-4F5F-4C2A-AB69-0D68386C7177}.Release|Any CPU.ActiveCfg = Release|Any CPU
		{1F296F09-4F5F-4C2A-AB69-0D68386C7177}.Release|Any CPU.Build.0 = Release|Any CPU
	EndGlobalSection
	GlobalSection(SolutionProperties) = preSolution
		HideSolutionNode = FALSE
	EndGlobalSection
	GlobalSection(NestedProjects) = preSolution
		{819ADE36-46B4-4DCB-98EE-8E0368EDBB40} = {A3E7A385-A150-4639-91BB-FD5514B146E1}
		{C8393222-44A8-48A8-A7C1-94B7C44A19E6} = {A3E7A385-A150-4639-91BB-FD5514B146E1}
		{48A04046-D0D7-4DA8-A887-55C085AAAE54} = {A3E7A385-A150-4639-91BB-FD5514B146E1}
		{9032B0EF-93B8-410E-9C41-86284044CE3C} = {66727305-3FA5-4358-A33B-A5DD8F42552A}
		{915A8701-D05F-4528-BB75-D083487F4564} = {66727305-3FA5-4358-A33B-A5DD8F42552A}
		{ACE6D24B-ECAC-47AB-BE76-C9899E604C47} = {1D5D4416-7362-4B0B-A60F-DB24D93A1CD5}
		{F09A9A44-5741-4AF9-A4DC-7A720537A4A8} = {1D5D4416-7362-4B0B-A60F-DB24D93A1CD5}
		{3F8002C2-636A-454E-94A5-68DD6911A085} = {07654C34-83F8-4CB3-BF5A-ECB39A0E854B}
		{EA47860E-B914-46FA-AA40-611B1FDBBDF9} = {7104DC73-EC92-4923-9789-5E92F413AF3C}
		{AF095F08-8F1D-4879-9946-DE0614979343} = {7104DC73-EC92-4923-9789-5E92F413AF3C}
		{FE135C7E-A56B-449A-B6F3-EA59344F0C78} = {7104DC73-EC92-4923-9789-5E92F413AF3C}
		{1F296F09-4F5F-4C2A-AB69-0D68386C7177} = {5F24ABDF-80BE-4A16-AC7B-873E092B1717}
	EndGlobalSection
EndGlobal
